
Microsoft Visual Studio Solution File, Format Version 12.00
# Visual Studio 2013
VisualStudioVersion = 12.0.40629.0
MinimumVisualStudioVersion = 10.0.40219.1
Project("{8BC9CEB8-8B4A-11D0-8D11-00A0C91BC942}") = "A01_Curves", "A01_Curves\A01_Curves.vcxproj", "{B12702AD-ABFB-343A-A199-8E24837244A3}"
EndProject
Project("{8BC9CEB8-8B4A-11D0-8D11-00A0C91BC942}") = "Kaguya", "..\..\Kaguya\visual_studio\Kaguya.vcxproj", "{E26467AF-7A85-484E-A54D-0488CA2D9F07}"
EndProject
Project("{8BC9CEB8-8B4A-11D0-8D11-00A0C91BC942}") = "OpenGL_Utils", "..\..\OpenGL\visual_studio\OpenGL_Utils\OpenGL_Utils.vcxproj", "{95874169-3159-442D-BD3A-8D223BBEC7CE}"
EndProject
Project("{8BC9CEB8-8B4A-11D0-8D11-00A0C91BC942}") = "Barber", "Barber\Barber.vcxproj", "{EDD3F1B4-C063-4A6B-9892-6FD4AAE688A1}"
EndProject
Project("{8BC9CEB8-8B4A-11D0-8D11-00A0C91BC942}") = "A02_DiffusionCurves", "A02_DiffusionCurves\A02_DiffusionCurves.vcxproj", "{BDC7C0CD-B3C9-4112-B9FF-ABF29F1A8722}"
EndProject
Project("{8BC9CEB8-8B4A-11D0-8D11-00A0C91BC942}") = "A03_Subdivision", "A03_Subdivision\A03_Subdivision.vcxproj", "{EF44B977-1CD7-4ED7-9B76-9352CF696995}"
EndProject
Project("{8BC9CEB8-8B4A-11D0-8D11-00A0C91BC942}") = "A04_Simplification", "A04_Simplification\A04_Simplification.vcxproj", "{2FBF1B4D-1121-4124-B5EC-01C50C001956}"
EndProject
Global
	GlobalSection(SolutionConfigurationPlatforms) = preSolution
		Debug|x64 = Debug|x64
		Release|x64 = Release|x64
	EndGlobalSection
	GlobalSection(ProjectConfigurationPlatforms) = postSolution
		{B12702AD-ABFB-343A-A199-8E24837244A3}.Debug|x64.ActiveCfg = Debug|x64
		{B12702AD-ABFB-343A-A199-8E24837244A3}.Release|x64.ActiveCfg = Release|x64
		{E26467AF-7A85-484E-A54D-0488CA2D9F07}.Debug|x64.ActiveCfg = Debug|x64
		{E26467AF-7A85-484E-A54D-0488CA2D9F07}.Release|x64.ActiveCfg = Release|x64
		{95874169-3159-442D-BD3A-8D223BBEC7CE}.Debug|x64.ActiveCfg = Debug|x64
		{95874169-3159-442D-BD3A-8D223BBEC7CE}.Release|x64.ActiveCfg = Release|x64
		{EDD3F1B4-C063-4A6B-9892-6FD4AAE688A1}.Debug|x64.ActiveCfg = Debug|x64
		{EDD3F1B4-C063-4A6B-9892-6FD4AAE688A1}.Release|x64.ActiveCfg = Release|x64
		{BDC7C0CD-B3C9-4112-B9FF-ABF29F1A8722}.Debug|x64.ActiveCfg = Debug|x64
		{BDC7C0CD-B3C9-4112-B9FF-ABF29F1A8722}.Release|x64.ActiveCfg = Release|x64
		{EF44B977-1CD7-4ED7-9B76-9352CF696995}.Debug|x64.ActiveCfg = Debug|x64
		{EF44B977-1CD7-4ED7-9B76-9352CF696995}.Release|x64.ActiveCfg = Release|x64
		{2FBF1B4D-1121-4124-B5EC-01C50C001956}.Debug|x64.ActiveCfg = Debug|x64
		{2FBF1B4D-1121-4124-B5EC-01C50C001956}.Debug|x64.Build.0 = Debug|x64
		{2FBF1B4D-1121-4124-B5EC-01C50C001956}.Release|x64.ActiveCfg = Release|x64
		{2FBF1B4D-1121-4124-B5EC-01C50C001956}.Release|x64.Build.0 = Release|x64
	EndGlobalSection
	GlobalSection(SolutionProperties) = preSolution
		HideSolutionNode = FALSE
	EndGlobalSection
EndGlobal
